
Microsoft Visual Studio Solution File, Format Version 12.00
# Visual Studio Version 17
VisualStudioVersion = 17.13.35931.197 d17.13
MinimumVisualStudioVersion = 10.0.40219.1
Project("{FAE04EC0-301F-11D3-BF4B-00C04F79EFBC}") = "Library System with Book Status Tracking", "Library System with Book Status Tracking\Library System with Book Status Tracking.csproj", "{9B070D38-F387-41B0-B129-45D4019478BC}"
EndProject
Global
	GlobalSection(SolutionConfigurationPlatforms) = preSolution
		Debug|Any CPU = Debug|Any CPU
		Release|Any CPU = Release|Any CPU
	EndGlobalSection
	GlobalSection(ProjectConfigurationPlatforms) = postSolution
		{9B070D38-F387-41B0-B129-45D4019478BC}.Debug|Any CPU.ActiveCfg = Debug|Any CPU
		{9B070D38-F387-41B0-B129-45D4019478BC}.Debug|Any CPU.Build.0 = Debug|Any CPU
		{9B070D38-F387-41B0-B129-45D4019478BC}.Release|Any CPU.ActiveCfg = Release|Any CPU
		{9B070D38-F387-41B0-B129-45D4019478BC}.Release|Any CPU.Build.0 = Release|Any CPU
	EndGlobalSection
	GlobalSection(SolutionProperties) = preSolution
		HideSolutionNode = FALSE
	EndGlobalSection
	GlobalSection(ExtensibilityGlobals) = postSolution
		SolutionGuid = {18CDF9BF-16AC-4A6F-8B96-04434683B628}
	EndGlobalSection
EndGlobal
